// !$*UTF8*$!
{
	archiveVersion = 1;
	classes = {
	};
	objectVersion = 56;
	objects = {

/* Begin PBXBuildFile section */
		877198A528F54B6300A7D685 /* AppDelegate.swift in Sources */ = {isa = PBXBuildFile; fileRef = 877198A428F54B6300A7D685 /* AppDelegate.swift */; };
		877198A728F54B6300A7D685 /* SceneDelegate.swift in Sources */ = {isa = PBXBuildFile; fileRef = 877198A628F54B6300A7D685 /* SceneDelegate.swift */; };
		877198AE28F54B6400A7D685 /* Assets.xcassets in Resources */ = {isa = PBXBuildFile; fileRef = 877198AD28F54B6400A7D685 /* Assets.xcassets */; };
		877198B128F54B6400A7D685 /* LaunchScreen.storyboard in Resources */ = {isa = PBXBuildFile; fileRef = 877198AF28F54B6400A7D685 /* LaunchScreen.storyboard */; };
		877198BC28F54B6400A7D685 /* StatusBoxesUIKitTests.swift in Sources */ = {isa = PBXBuildFile; fileRef = 877198BB28F54B6400A7D685 /* StatusBoxesUIKitTests.swift */; };
		877198C628F54B6400A7D685 /* StatusBoxesUIKitUITests.swift in Sources */ = {isa = PBXBuildFile; fileRef = 877198C528F54B6400A7D685 /* StatusBoxesUIKitUITests.swift */; };
		877198C828F54B6400A7D685 /* StatusBoxesUIKitUITestsLaunchTests.swift in Sources */ = {isa = PBXBuildFile; fileRef = 877198C728F54B6400A7D685 /* StatusBoxesUIKitUITestsLaunchTests.swift */; };
		877198D528F54BB100A7D685 /* RootViewController.swift in Sources */ = {isa = PBXBuildFile; fileRef = 877198D428F54BB100A7D685 /* RootViewController.swift */; };
		877198F128F54E2100A7D685 /* LoginViewModel.swift in Sources */ = {isa = PBXBuildFile; fileRef = 877198DE28F54E2100A7D685 /* LoginViewModel.swift */; };
		877198F228F54E2100A7D685 /* LoginViewController.swift in Sources */ = {isa = PBXBuildFile; fileRef = 877198E028F54E2100A7D685 /* LoginViewController.swift */; };
		877198F328F54E2100A7D685 /* LoginView.xib in Resources */ = {isa = PBXBuildFile; fileRef = 877198E228F54E2100A7D685 /* LoginView.xib */; };
		877198F428F54E2100A7D685 /* DetailViewModel.swift in Sources */ = {isa = PBXBuildFile; fileRef = 877198E528F54E2100A7D685 /* DetailViewModel.swift */; };
		877198F528F54E2100A7D685 /* DetailViewController.swift in Sources */ = {isa = PBXBuildFile; fileRef = 877198E728F54E2100A7D685 /* DetailViewController.swift */; };
		877198F628F54E2100A7D685 /* DetailView.xib in Resources */ = {isa = PBXBuildFile; fileRef = 877198E928F54E2100A7D685 /* DetailView.xib */; };
		877198F728F54E2100A7D685 /* HomeViewModel.swift in Sources */ = {isa = PBXBuildFile; fileRef = 877198EC28F54E2100A7D685 /* HomeViewModel.swift */; };
		877198F828F54E2100A7D685 /* HomeViewController.swift in Sources */ = {isa = PBXBuildFile; fileRef = 877198EE28F54E2100A7D685 /* HomeViewController.swift */; };
		877198F928F54E2100A7D685 /* HomeView.xib in Resources */ = {isa = PBXBuildFile; fileRef = 877198F028F54E2100A7D685 /* HomeView.xib */; };
/* End PBXBuildFile section */

/* Begin PBXContainerItemProxy section */
		877198B828F54B6400A7D685 /* PBXContainerItemProxy */ = {
			isa = PBXContainerItemProxy;
			containerPortal = 8771989928F54B6200A7D685 /* Project object */;
			proxyType = 1;
			remoteGlobalIDString = 877198A028F54B6300A7D685;
			remoteInfo = StatusBoxesUIKit;
		};
		877198C228F54B6400A7D685 /* PBXContainerItemProxy */ = {
			isa = PBXContainerItemProxy;
			containerPortal = 8771989928F54B6200A7D685 /* Project object */;
			proxyType = 1;
			remoteGlobalIDString = 877198A028F54B6300A7D685;
			remoteInfo = StatusBoxesUIKit;
		};
/* End PBXContainerItemProxy section */

/* Begin PBXFileReference section */
		877198A128F54B6300A7D685 /* StatusBoxesUIKit.app */ = {isa = PBXFileReference; explicitFileType = wrapper.application; includeInIndex = 0; path = StatusBoxesUIKit.app; sourceTree = BUILT_PRODUCTS_DIR; };
		877198A428F54B6300A7D685 /* AppDelegate.swift */ = {isa = PBXFileReference; lastKnownFileType = sourcecode.swift; path = AppDelegate.swift; sourceTree = "<group>"; };
		877198A628F54B6300A7D685 /* SceneDelegate.swift */ = {isa = PBXFileReference; lastKnownFileType = sourcecode.swift; path = SceneDelegate.swift; sourceTree = "<group>"; };
		877198AD28F54B6400A7D685 /* Assets.xcassets */ = {isa = PBXFileReference; lastKnownFileType = folder.assetcatalog; path = Assets.xcassets; sourceTree = "<group>"; };
		877198B028F54B6400A7D685 /* Base */ = {isa = PBXFileReference; lastKnownFileType = file.storyboard; name = Base; path = Base.lproj/LaunchScreen.storyboard; sourceTree = "<group>"; };
		877198B228F54B6400A7D685 /* Info.plist */ = {isa = PBXFileReference; lastKnownFileType = text.plist.xml; path = Info.plist; sourceTree = "<group>"; };
		877198B728F54B6400A7D685 /* StatusBoxesUIKitTests.xctest */ = {isa = PBXFileReference; explicitFileType = wrapper.cfbundle; includeInIndex = 0; path = StatusBoxesUIKitTests.xctest; sourceTree = BUILT_PRODUCTS_DIR; };
		877198BB28F54B6400A7D685 /* StatusBoxesUIKitTests.swift */ = {isa = PBXFileReference; lastKnownFileType = sourcecode.swift; path = StatusBoxesUIKitTests.swift; sourceTree = "<group>"; };
		877198C128F54B6400A7D685 /* StatusBoxesUIKitUITests.xctest */ = {isa = PBXFileReference; explicitFileType = wrapper.cfbundle; includeInIndex = 0; path = StatusBoxesUIKitUITests.xctest; sourceTree = BUILT_PRODUCTS_DIR; };
		877198C528F54B6400A7D685 /* StatusBoxesUIKitUITests.swift */ = {isa = PBXFileReference; lastKnownFileType = sourcecode.swift; path = StatusBoxesUIKitUITests.swift; sourceTree = "<group>"; };
		877198C728F54B6400A7D685 /* StatusBoxesUIKitUITestsLaunchTests.swift */ = {isa = PBXFileReference; lastKnownFileType = sourcecode.swift; path = StatusBoxesUIKitUITestsLaunchTests.swift; sourceTree = "<group>"; };
		877198D428F54BB100A7D685 /* RootViewController.swift */ = {isa = PBXFileReference; lastKnownFileType = sourcecode.swift; path = RootViewController.swift; sourceTree = "<group>"; };
		877198DE28F54E2100A7D685 /* LoginViewModel.swift */ = {isa = PBXFileReference; fileEncoding = 4; lastKnownFileType = sourcecode.swift; path = LoginViewModel.swift; sourceTree = "<group>"; };
		877198E028F54E2100A7D685 /* LoginViewController.swift */ = {isa = PBXFileReference; fileEncoding = 4; lastKnownFileType = sourcecode.swift; path = LoginViewController.swift; sourceTree = "<group>"; };
		877198E228F54E2100A7D685 /* LoginView.xib */ = {isa = PBXFileReference; fileEncoding = 4; lastKnownFileType = file.xib; path = LoginView.xib; sourceTree = "<group>"; };
		877198E528F54E2100A7D685 /* DetailViewModel.swift */ = {isa = PBXFileReference; fileEncoding = 4; lastKnownFileType = sourcecode.swift; path = DetailViewModel.swift; sourceTree = "<group>"; };
		877198E728F54E2100A7D685 /* DetailViewController.swift */ = {isa = PBXFileReference; fileEncoding = 4; lastKnownFileType = sourcecode.swift; path = DetailViewController.swift; sourceTree = "<group>"; };
		877198E928F54E2100A7D685 /* DetailView.xib */ = {isa = PBXFileReference; fileEncoding = 4; lastKnownFileType = file.xib; path = DetailView.xib; sourceTree = "<group>"; };
		877198EC28F54E2100A7D685 /* HomeViewModel.swift */ = {isa = PBXFileReference; fileEncoding = 4; lastKnownFileType = sourcecode.swift; path = HomeViewModel.swift; sourceTree = "<group>"; };
		877198EE28F54E2100A7D685 /* HomeViewController.swift */ = {isa = PBXFileReference; fileEncoding = 4; lastKnownFileType = sourcecode.swift; path = HomeViewController.swift; sourceTree = "<group>"; };
		877198F028F54E2100A7D685 /* HomeView.xib */ = {isa = PBXFileReference; fileEncoding = 4; lastKnownFileType = file.xib; path = HomeView.xib; sourceTree = "<group>"; };
/* End PBXFileReference section */

/* Begin PBXFrameworksBuildPhase section */
		8771989E28F54B6300A7D685 /* Frameworks */ = {
			isa = PBXFrameworksBuildPhase;
			buildActionMask = 2147483647;
			files = (
			);
			runOnlyForDeploymentPostprocessing = 0;
		};
		877198B428F54B6400A7D685 /* Frameworks */ = {
			isa = PBXFrameworksBuildPhase;
			buildActionMask = 2147483647;
			files = (
			);
			runOnlyForDeploymentPostprocessing = 0;
		};
		877198BE28F54B6400A7D685 /* Frameworks */ = {
			isa = PBXFrameworksBuildPhase;
			buildActionMask = 2147483647;
			files = (
			);
			runOnlyForDeploymentPostprocessing = 0;
		};
/* End PBXFrameworksBuildPhase section */

/* Begin PBXGroup section */
		8771989828F54B6200A7D685 = {
			isa = PBXGroup;
			children = (
				877198A328F54B6300A7D685 /* StatusBoxesUIKit */,
				877198BA28F54B6400A7D685 /* StatusBoxesUIKitTests */,
				877198C428F54B6400A7D685 /* StatusBoxesUIKitUITests */,
				877198A228F54B6300A7D685 /* Products */,
			);
			sourceTree = "<group>";
		};
		877198A228F54B6300A7D685 /* Products */ = {
			isa = PBXGroup;
			children = (
				877198A128F54B6300A7D685 /* StatusBoxesUIKit.app */,
				877198B728F54B6400A7D685 /* StatusBoxesUIKitTests.xctest */,
				877198C128F54B6400A7D685 /* StatusBoxesUIKitUITests.xctest */,
			);
			name = Products;
			sourceTree = "<group>";
		};
		877198A328F54B6300A7D685 /* StatusBoxesUIKit */ = {
			isa = PBXGroup;
			children = (
				877198E328F54E2100A7D685 /* Detail */,
				877198EA28F54E2100A7D685 /* Home */,
				877198DC28F54E2100A7D685 /* Login */,
				877198A428F54B6300A7D685 /* AppDelegate.swift */,
				877198A628F54B6300A7D685 /* SceneDelegate.swift */,
				877198AD28F54B6400A7D685 /* Assets.xcassets */,
				877198AF28F54B6400A7D685 /* LaunchScreen.storyboard */,
				877198B228F54B6400A7D685 /* Info.plist */,
				877198D428F54BB100A7D685 /* RootViewController.swift */,
			);
			path = StatusBoxesUIKit;
			sourceTree = "<group>";
		};
		877198BA28F54B6400A7D685 /* StatusBoxesUIKitTests */ = {
			isa = PBXGroup;
			children = (
				877198BB28F54B6400A7D685 /* StatusBoxesUIKitTests.swift */,
			);
			path = StatusBoxesUIKitTests;
			sourceTree = "<group>";
		};
		877198C428F54B6400A7D685 /* StatusBoxesUIKitUITests */ = {
			isa = PBXGroup;
			children = (
				877198C528F54B6400A7D685 /* StatusBoxesUIKitUITests.swift */,
				877198C728F54B6400A7D685 /* StatusBoxesUIKitUITestsLaunchTests.swift */,
			);
			path = StatusBoxesUIKitUITests;
			sourceTree = "<group>";
		};
		877198DC28F54E2100A7D685 /* Login */ = {
			isa = PBXGroup;
			children = (
				877198DD28F54E2100A7D685 /* Models */,
				877198DF28F54E2100A7D685 /* Controllers */,
				877198E128F54E2100A7D685 /* Views */,
			);
			path = Login;
			sourceTree = "<group>";
		};
		877198DD28F54E2100A7D685 /* Models */ = {
			isa = PBXGroup;
			children = (
				877198DE28F54E2100A7D685 /* LoginViewModel.swift */,
			);
			path = Models;
			sourceTree = "<group>";
		};
		877198DF28F54E2100A7D685 /* Controllers */ = {
			isa = PBXGroup;
			children = (
				877198E028F54E2100A7D685 /* LoginViewController.swift */,
			);
			path = Controllers;
			sourceTree = "<group>";
		};
		877198E128F54E2100A7D685 /* Views */ = {
			isa = PBXGroup;
			children = (
				877198E228F54E2100A7D685 /* LoginView.xib */,
			);
			path = Views;
			sourceTree = "<group>";
		};
		877198E328F54E2100A7D685 /* Detail */ = {
			isa = PBXGroup;
			children = (
				877198E428F54E2100A7D685 /* Models */,
				877198E628F54E2100A7D685 /* Controllers */,
				877198E828F54E2100A7D685 /* Views */,
			);
			path = Detail;
			sourceTree = "<group>";
		};
		877198E428F54E2100A7D685 /* Models */ = {
			isa = PBXGroup;
			children = (
				877198E528F54E2100A7D685 /* DetailViewModel.swift */,
			);
			path = Models;
			sourceTree = "<group>";
		};
		877198E628F54E2100A7D685 /* Controllers */ = {
			isa = PBXGroup;
			children = (
				877198E728F54E2100A7D685 /* DetailViewController.swift */,
			);
			path = Controllers;
			sourceTree = "<group>";
		};
		877198E828F54E2100A7D685 /* Views */ = {
			isa = PBXGroup;
			children = (
				877198E928F54E2100A7D685 /* DetailView.xib */,
			);
			path = Views;
			sourceTree = "<group>";
		};
		877198EA28F54E2100A7D685 /* Home */ = {
			isa = PBXGroup;
			children = (
				877198EB28F54E2100A7D685 /* Models */,
				877198ED28F54E2100A7D685 /* Controllers */,
				877198EF28F54E2100A7D685 /* Views */,
			);
			path = Home;
			sourceTree = "<group>";
		};
		877198EB28F54E2100A7D685 /* Models */ = {
			isa = PBXGroup;
			children = (
				877198EC28F54E2100A7D685 /* HomeViewModel.swift */,
			);
			path = Models;
			sourceTree = "<group>";
		};
		877198ED28F54E2100A7D685 /* Controllers */ = {
			isa = PBXGroup;
			children = (
				877198EE28F54E2100A7D685 /* HomeViewController.swift */,
			);
			path = Controllers;
			sourceTree = "<group>";
		};
		877198EF28F54E2100A7D685 /* Views */ = {
			isa = PBXGroup;
			children = (
				877198F028F54E2100A7D685 /* HomeView.xib */,
			);
			path = Views;
			sourceTree = "<group>";
		};
/* End PBXGroup section */

/* Begin PBXNativeTarget section */
		877198A028F54B6300A7D685 /* StatusBoxesUIKit */ = {
			isa = PBXNativeTarget;
			buildConfigurationList = 877198CB28F54B6400A7D685 /* Build configuration list for PBXNativeTarget "StatusBoxesUIKit" */;
			buildPhases = (
				8771989D28F54B6300A7D685 /* Sources */,
				8771989E28F54B6300A7D685 /* Frameworks */,
				8771989F28F54B6300A7D685 /* Resources */,
			);
			buildRules = (
			);
			dependencies = (
			);
			name = StatusBoxesUIKit;
			productName = StatusBoxesUIKit;
			productReference = 877198A128F54B6300A7D685 /* StatusBoxesUIKit.app */;
			productType = "com.apple.product-type.application";
		};
		877198B628F54B6400A7D685 /* StatusBoxesUIKitTests */ = {
			isa = PBXNativeTarget;
			buildConfigurationList = 877198CE28F54B6400A7D685 /* Build configuration list for PBXNativeTarget "StatusBoxesUIKitTests" */;
			buildPhases = (
				877198B328F54B6400A7D685 /* Sources */,
				877198B428F54B6400A7D685 /* Frameworks */,
				877198B528F54B6400A7D685 /* Resources */,
			);
			buildRules = (
			);
			dependencies = (
				877198B928F54B6400A7D685 /* PBXTargetDependency */,
			);
			name = StatusBoxesUIKitTests;
			productName = StatusBoxesUIKitTests;
			productReference = 877198B728F54B6400A7D685 /* StatusBoxesUIKitTests.xctest */;
			productType = "com.apple.product-type.bundle.unit-test";
		};
		877198C028F54B6400A7D685 /* StatusBoxesUIKitUITests */ = {
			isa = PBXNativeTarget;
			buildConfigurationList = 877198D128F54B6400A7D685 /* Build configuration list for PBXNativeTarget "StatusBoxesUIKitUITests" */;
			buildPhases = (
				877198BD28F54B6400A7D685 /* Sources */,
				877198BE28F54B6400A7D685 /* Frameworks */,
				877198BF28F54B6400A7D685 /* Resources */,
			);
			buildRules = (
			);
			dependencies = (
				877198C328F54B6400A7D685 /* PBXTargetDependency */,
			);
			name = StatusBoxesUIKitUITests;
			productName = StatusBoxesUIKitUITests;
			productReference = 877198C128F54B6400A7D685 /* StatusBoxesUIKitUITests.xctest */;
			productType = "com.apple.product-type.bundle.ui-testing";
		};
/* End PBXNativeTarget section */

/* Begin PBXProject section */
		8771989928F54B6200A7D685 /* Project object */ = {
			isa = PBXProject;
			attributes = {
				BuildIndependentTargetsInParallel = 1;
				LastSwiftUpdateCheck = 1400;
				LastUpgradeCheck = 1400;
				TargetAttributes = {
					877198A028F54B6300A7D685 = {
						CreatedOnToolsVersion = 14.0;
					};
					877198B628F54B6400A7D685 = {
						CreatedOnToolsVersion = 14.0;
						TestTargetID = 877198A028F54B6300A7D685;
					};
					877198C028F54B6400A7D685 = {
						CreatedOnToolsVersion = 14.0;
						TestTargetID = 877198A028F54B6300A7D685;
					};
				};
			};
			buildConfigurationList = 8771989C28F54B6200A7D685 /* Build configuration list for PBXProject "StatusBoxesUIKit" */;
			compatibilityVersion = "Xcode 14.0";
			developmentRegion = en;
			hasScannedForEncodings = 0;
			knownRegions = (
				en,
				Base,
			);
			mainGroup = 8771989828F54B6200A7D685;
			productRefGroup = 877198A228F54B6300A7D685 /* Products */;
			projectDirPath = "";
			projectRoot = "";
			targets = (
				877198A028F54B6300A7D685 /* StatusBoxesUIKit */,
				877198B628F54B6400A7D685 /* StatusBoxesUIKitTests */,
				877198C028F54B6400A7D685 /* StatusBoxesUIKitUITests */,
			);
		};
/* End PBXProject section */

/* Begin PBXResourcesBuildPhase section */
		8771989F28F54B6300A7D685 /* Resources */ = {
			isa = PBXResourcesBuildPhase;
			buildActionMask = 2147483647;
			files = (
				877198B128F54B6400A7D685 /* LaunchScreen.storyboard in Resources */,
				877198F928F54E2100A7D685 /* HomeView.xib in Resources */,
				877198AE28F54B6400A7D685 /* Assets.xcassets in Resources */,
				877198F328F54E2100A7D685 /* LoginView.xib in Resources */,
				877198F628F54E2100A7D685 /* DetailView.xib in Resources */,
			);
			runOnlyForDeploymentPostprocessing = 0;
		};
		877198B528F54B6400A7D685 /* Resources */ = {
			isa = PBXResourcesBuildPhase;
			buildActionMask = 2147483647;
			files = (
			);
			runOnlyForDeploymentPostprocessing = 0;
		};
		877198BF28F54B6400A7D685 /* Resources */ = {
			isa = PBXResourcesBuildPhase;
			buildActionMask = 2147483647;
			files = (
			);
			runOnlyForDeploymentPostprocessing = 0;
		};
/* End PBXResourcesBuildPhase section */

/* Begin PBXSourcesBuildPhase section */
		8771989D28F54B6300A7D685 /* Sources */ = {
			isa = PBXSourcesBuildPhase;
			buildActionMask = 2147483647;
			files = (
				877198F228F54E2100A7D685 /* LoginViewController.swift in Sources */,
				877198F728F54E2100A7D685 /* HomeViewModel.swift in Sources */,
				877198F428F54E2100A7D685 /* DetailViewModel.swift in Sources */,
				877198A528F54B6300A7D685 /* AppDelegate.swift in Sources */,
				877198F828F54E2100A7D685 /* HomeViewController.swift in Sources */,
				877198D528F54BB100A7D685 /* RootViewController.swift in Sources */,
				877198F128F54E2100A7D685 /* LoginViewModel.swift in Sources */,
				877198A728F54B6300A7D685 /* SceneDelegate.swift in Sources */,
				877198F528F54E2100A7D685 /* DetailViewController.swift in Sources */,
			);
			runOnlyForDeploymentPostprocessing = 0;
		};
		877198B328F54B6400A7D685 /* Sources */ = {
			isa = PBXSourcesBuildPhase;
			buildActionMask = 2147483647;
			files = (
				877198BC28F54B6400A7D685 /* StatusBoxesUIKitTests.swift in Sources */,
			);
			runOnlyForDeploymentPostprocessing = 0;
		};
		877198BD28F54B6400A7D685 /* Sources */ = {
			isa = PBXSourcesBuildPhase;
			buildActionMask = 2147483647;
			files = (
				877198C628F54B6400A7D685 /* StatusBoxesUIKitUITests.swift in Sources */,
				877198C828F54B6400A7D685 /* StatusBoxesUIKitUITestsLaunchTests.swift in Sources */,
			);
			runOnlyForDeploymentPostprocessing = 0;
		};
/* End PBXSourcesBuildPhase section */

/* Begin PBXTargetDependency section */
		877198B928F54B6400A7D685 /* PBXTargetDependency */ = {
			isa = PBXTargetDependency;
			target = 877198A028F54B6300A7D685 /* StatusBoxesUIKit */;
			targetProxy = 877198B828F54B6400A7D685 /* PBXContainerItemProxy */;
		};
		877198C328F54B6400A7D685 /* PBXTargetDependency */ = {
			isa = PBXTargetDependency;
			target = 877198A028F54B6300A7D685 /* StatusBoxesUIKit */;
			targetProxy = 877198C228F54B6400A7D685 /* PBXContainerItemProxy */;
		};
/* End PBXTargetDependency section */

/* Begin PBXVariantGroup section */
		877198AF28F54B6400A7D685 /* LaunchScreen.storyboard */ = {
			isa = PBXVariantGroup;
			children = (
				877198B028F54B6400A7D685 /* Base */,
			);
			name = LaunchScreen.storyboard;
			sourceTree = "<group>";
		};
/* End PBXVariantGroup section */

/* Begin XCBuildConfiguration section */
		877198C928F54B6400A7D685 /* Debug */ = {
			isa = XCBuildConfiguration;
			buildSettings = {
				ALWAYS_SEARCH_USER_PATHS = NO;
				CLANG_ANALYZER_NONNULL = YES;
				CLANG_ANALYZER_NUMBER_OBJECT_CONVERSION = YES_AGGRESSIVE;
				CLANG_CXX_LANGUAGE_STANDARD = "gnu++20";
				CLANG_ENABLE_MODULES = YES;
				CLANG_ENABLE_OBJC_ARC = YES;
				CLANG_ENABLE_OBJC_WEAK = YES;
				CLANG_WARN_BLOCK_CAPTURE_AUTORELEASING = YES;
				CLANG_WARN_BOOL_CONVERSION = YES;
				CLANG_WARN_COMMA = YES;
				CLANG_WARN_CONSTANT_CONVERSION = YES;
				CLANG_WARN_DEPRECATED_OBJC_IMPLEMENTATIONS = YES;
				CLANG_WARN_DIRECT_OBJC_ISA_USAGE = YES_ERROR;
				CLANG_WARN_DOCUMENTATION_COMMENTS = YES;
				CLANG_WARN_EMPTY_BODY = YES;
				CLANG_WARN_ENUM_CONVERSION = YES;
				CLANG_WARN_INFINITE_RECURSION = YES;
				CLANG_WARN_INT_CONVERSION = YES;
				CLANG_WARN_NON_LITERAL_NULL_CONVERSION = YES;
				CLANG_WARN_OBJC_IMPLICIT_RETAIN_SELF = YES;
				CLANG_WARN_OBJC_LITERAL_CONVERSION = YES;
				CLANG_WARN_OBJC_ROOT_CLASS = YES_ERROR;
				CLANG_WARN_QUOTED_INCLUDE_IN_FRAMEWORK_HEADER = YES;
				CLANG_WARN_RANGE_LOOP_ANALYSIS = YES;
				CLANG_WARN_STRICT_PROTOTYPES = YES;
				CLANG_WARN_SUSPICIOUS_MOVE = YES;
				CLANG_WARN_UNGUARDED_AVAILABILITY = YES_AGGRESSIVE;
				CLANG_WARN_UNREACHABLE_CODE = YES;
				CLANG_WARN__DUPLICATE_METHOD_MATCH = YES;
				COPY_PHASE_STRIP = NO;
				DEBUG_INFORMATION_FORMAT = dwarf;
				ENABLE_STRICT_OBJC_MSGSEND = YES;
				ENABLE_TESTABILITY = YES;
				GCC_C_LANGUAGE_STANDARD = gnu11;
				GCC_DYNAMIC_NO_PIC = NO;
				GCC_NO_COMMON_BLOCKS = YES;
				GCC_OPTIMIZATION_LEVEL = 0;
				GCC_PREPROCESSOR_DEFINITIONS = (
					"DEBUG=1",
					"$(inherited)",
				);
				GCC_WARN_64_TO_32_BIT_CONVERSION = YES;
				GCC_WARN_ABOUT_RETURN_TYPE = YES_ERROR;
				GCC_WARN_UNDECLARED_SELECTOR = YES;
				GCC_WARN_UNINITIALIZED_AUTOS = YES_AGGRESSIVE;
				GCC_WARN_UNUSED_FUNCTION = YES;
				GCC_WARN_UNUSED_VARIABLE = YES;
				IPHONEOS_DEPLOYMENT_TARGET = 16.0;
				MTL_ENABLE_DEBUG_INFO = INCLUDE_SOURCE;
				MTL_FAST_MATH = YES;
				ONLY_ACTIVE_ARCH = YES;
				SDKROOT = iphoneos;
				SWIFT_ACTIVE_COMPILATION_CONDITIONS = DEBUG;
				SWIFT_OPTIMIZATION_LEVEL = "-Onone";
			};
			name = Debug;
		};
		877198CA28F54B6400A7D685 /* Release */ = {
			isa = XCBuildConfiguration;
			buildSettings = {
				ALWAYS_SEARCH_USER_PATHS = NO;
				CLANG_ANALYZER_NONNULL = YES;
				CLANG_ANALYZER_NUMBER_OBJECT_CONVERSION = YES_AGGRESSIVE;
				CLANG_CXX_LANGUAGE_STANDARD = "gnu++20";
				CLANG_ENABLE_MODULES = YES;
				CLANG_ENABLE_OBJC_ARC = YES;
				CLANG_ENABLE_OBJC_WEAK = YES;
				CLANG_WARN_BLOCK_CAPTURE_AUTORELEASING = YES;
				CLANG_WARN_BOOL_CONVERSION = YES;
				CLANG_WARN_COMMA = YES;
				CLANG_WARN_CONSTANT_CONVERSION = YES;
				CLANG_WARN_DEPRECATED_OBJC_IMPLEMENTATIONS = YES;
				CLANG_WARN_DIRECT_OBJC_ISA_USAGE = YES_ERROR;
				CLANG_WARN_DOCUMENTATION_COMMENTS = YES;
				CLANG_WARN_EMPTY_BODY = YES;
				CLANG_WARN_ENUM_CONVERSION = YES;
				CLANG_WARN_INFINITE_RECURSION = YES;
				CLANG_WARN_INT_CONVERSION = YES;
				CLANG_WARN_NON_LITERAL_NULL_CONVERSION = YES;
				CLANG_WARN_OBJC_IMPLICIT_RETAIN_SELF = YES;
				CLANG_WARN_OBJC_LITERAL_CONVERSION = YES;
				CLANG_WARN_OBJC_ROOT_CLASS = YES_ERROR;
				CLANG_WARN_QUOTED_INCLUDE_IN_FRAMEWORK_HEADER = YES;
				CLANG_WARN_RANGE_LOOP_ANALYSIS = YES;
				CLANG_WARN_STRICT_PROTOTYPES = YES;
				CLANG_WARN_SUSPICIOUS_MOVE = YES;
				CLANG_WARN_UNGUARDED_AVAILABILITY = YES_AGGRESSIVE;
				CLANG_WARN_UNREACHABLE_CODE = YES;
				CLANG_WARN__DUPLICATE_METHOD_MATCH = YES;
				COPY_PHASE_STRIP = NO;
				DEBUG_INFORMATION_FORMAT = "dwarf-with-dsym";
				ENABLE_NS_ASSERTIONS = NO;
				ENABLE_STRICT_OBJC_MSGSEND = YES;
				GCC_C_LANGUAGE_STANDARD = gnu11;
				GCC_NO_COMMON_BLOCKS = YES;
				GCC_WARN_64_TO_32_BIT_CONVERSION = YES;
				GCC_WARN_ABOUT_RETURN_TYPE = YES_ERROR;
				GCC_WARN_UNDECLARED_SELECTOR = YES;
				GCC_WARN_UNINITIALIZED_AUTOS = YES_AGGRESSIVE;
				GCC_WARN_UNUSED_FUNCTION = YES;
				GCC_WARN_UNUSED_VARIABLE = YES;
				IPHONEOS_DEPLOYMENT_TARGET = 16.0;
				MTL_ENABLE_DEBUG_INFO = NO;
				MTL_FAST_MATH = YES;
				SDKROOT = iphoneos;
				SWIFT_COMPILATION_MODE = wholemodule;
				SWIFT_OPTIMIZATION_LEVEL = "-O";
				VALIDATE_PRODUCT = YES;
			};
			name = Release;
		};
		877198CC28F54B6400A7D685 /* Debug */ = {
			isa = XCBuildConfiguration;
			buildSettings = {
				ASSETCATALOG_COMPILER_APPICON_NAME = AppIcon;
				ASSETCATALOG_COMPILER_GLOBAL_ACCENT_COLOR_NAME = AccentColor;
				CODE_SIGN_STYLE = Automatic;
				CURRENT_PROJECT_VERSION = 1;
				DEVELOPMENT_TEAM = 94HWZ76SXD;
				GENERATE_INFOPLIST_FILE = YES;
				INFOPLIST_FILE = StatusBoxesUIKit/Info.plist;
				INFOPLIST_KEY_UIApplicationSupportsIndirectInputEvents = YES;
				INFOPLIST_KEY_UILaunchStoryboardName = "";
				INFOPLIST_KEY_UISupportedInterfaceOrientations_iPad = "UIInterfaceOrientationPortrait UIInterfaceOrientationPortraitUpsideDown UIInterfaceOrientationLandscapeLeft UIInterfaceOrientationLandscapeRight";
				INFOPLIST_KEY_UISupportedInterfaceOrientations_iPhone = "UIInterfaceOrientationPortrait UIInterfaceOrientationLandscapeLeft UIInterfaceOrientationLandscapeRight";
				LD_RUNPATH_SEARCH_PATHS = (
					"$(inherited)",
					"@executable_path/Frameworks",
				);
				MARKETING_VERSION = 1.0;
				PRODUCT_BUNDLE_IDENTIFIER = com.ismaelsabri.StatusBoxesUIKit;
				PRODUCT_NAME = "$(TARGET_NAME)";
				SUPPORTED_PLATFORMS = "iphoneos iphonesimulator";
				SUPPORTS_MACCATALYST = NO;
				SUPPORTS_MAC_DESIGNED_FOR_IPHONE_IPAD = NO;
				SWIFT_EMIT_LOC_STRINGS = YES;
				SWIFT_VERSION = 5.0;
				TARGETED_DEVICE_FAMILY = 1;
			};
			name = Debug;
		};
		877198CD28F54B6400A7D685 /* Release */ = {
			isa = XCBuildConfiguration;
			buildSettings = {
				ASSETCATALOG_COMPILER_APPICON_NAME = AppIcon;
				ASSETCATALOG_COMPILER_GLOBAL_ACCENT_COLOR_NAME = AccentColor;
				CODE_SIGN_STYLE = Automatic;
				CURRENT_PROJECT_VERSION = 1;
				DEVELOPMENT_TEAM = 94HWZ76SXD;
				GENERATE_INFOPLIST_FILE = YES;
				INFOPLIST_FILE = StatusBoxesUIKit/Info.plist;
				INFOPLIST_KEY_UIApplicationSupportsIndirectInputEvents = YES;
				INFOPLIST_KEY_UILaunchStoryboardName = "";
				INFOPLIST_KEY_UISupportedInterfaceOrientations_iPad = "UIInterfaceOrientationPortrait UIInterfaceOrientationPortraitUpsideDown UIInterfaceOrientationLandscapeLeft UIInterfaceOrientationLandscapeRight";
				INFOPLIST_KEY_UISupportedInterfaceOrientations_iPhone = "UIInterfaceOrientationPortrait UIInterfaceOrientationLandscapeLeft UIInterfaceOrientationLandscapeRight";
				LD_RUNPATH_SEARCH_PATHS = (
					"$(inherited)",
					"@executable_path/Frameworks",
				);
				MARKETING_VERSION = 1.0;
				PRODUCT_BUNDLE_IDENTIFIER = com.ismaelsabri.StatusBoxesUIKit;
				PRODUCT_NAME = "$(TARGET_NAME)";
				SUPPORTED_PLATFORMS = "iphoneos iphonesimulator";
				SUPPORTS_MACCATALYST = NO;
				SUPPORTS_MAC_DESIGNED_FOR_IPHONE_IPAD = NO;
				SWIFT_EMIT_LOC_STRINGS = YES;
				SWIFT_VERSION = 5.0;
				TARGETED_DEVICE_FAMILY = 1;
			};
			name = Release;
		};
		877198CF28F54B6400A7D685 /* Debug */ = {
			isa = XCBuildConfiguration;
			buildSettings = {
				ALWAYS_EMBED_SWIFT_STANDARD_LIBRARIES = YES;
				BUNDLE_LOADER = "$(TEST_HOST)";
				CODE_SIGN_STYLE = Automatic;
				CURRENT_PROJECT_VERSION = 1;
				DEVELOPMENT_TEAM = 94HWZ76SXD;
				GENERATE_INFOPLIST_FILE = YES;
				IPHONEOS_DEPLOYMENT_TARGET = 16.0;
				MARKETING_VERSION = 1.0;
				PRODUCT_BUNDLE_IDENTIFIER = com.ismaelsabri.StatusBoxesUIKitTests;
				PRODUCT_NAME = "$(TARGET_NAME)";
				SWIFT_EMIT_LOC_STRINGS = NO;
				SWIFT_VERSION = 5.0;
				TARGETED_DEVICE_FAMILY = "1,2";
				TEST_HOST = "$(BUILT_PRODUCTS_DIR)/StatusBoxesUIKit.app/$(BUNDLE_EXECUTABLE_FOLDER_PATH)/StatusBoxesUIKit";
			};
			name = Debug;
		};
		877198D028F54B6400A7D685 /* Release */ = {
			isa = XCBuildConfiguration;
			buildSettings = {
				ALWAYS_EMBED_SWIFT_STANDARD_LIBRARIES = YES;
				BUNDLE_LOADER = "$(TEST_HOST)";
				CODE_SIGN_STYLE = Automatic;
				CURRENT_PROJECT_VERSION = 1;
				DEVELOPMENT_TEAM = 94HWZ76SXD;
				GENERATE_INFOPLIST_FILE = YES;
				IPHONEOS_DEPLOYMENT_TARGET = 16.0;
				MARKETING_VERSION = 1.0;
				PRODUCT_BUNDLE_IDENTIFIER = com.ismaelsabri.StatusBoxesUIKitTests;
				PRODUCT_NAME = "$(TARGET_NAME)";
				SWIFT_EMIT_LOC_STRINGS = NO;
				SWIFT_VERSION = 5.0;
				TARGETED_DEVICE_FAMILY = "1,2";
				TEST_HOST = "$(BUILT_PRODUCTS_DIR)/StatusBoxesUIKit.app/$(BUNDLE_EXECUTABLE_FOLDER_PATH)/StatusBoxesUIKit";
			};
			name = Release;
		};
		877198D228F54B6400A7D685 /* Debug */ = {
			isa = XCBuildConfiguration;
			buildSettings = {
				ALWAYS_EMBED_SWIFT_STANDARD_LIBRARIES = YES;
				CODE_SIGN_STYLE = Automatic;
				CURRENT_PROJECT_VERSION = 1;
				DEVELOPMENT_TEAM = 94HWZ76SXD;
				GENERATE_INFOPLIST_FILE = YES;
				MARKETING_VERSION = 1.0;
				PRODUCT_BUNDLE_IDENTIFIER = com.ismaelsabri.StatusBoxesUIKitUITests;
				PRODUCT_NAME = "$(TARGET_NAME)";
				SWIFT_EMIT_LOC_STRINGS = NO;
				SWIFT_VERSION = 5.0;
				TARGETED_DEVICE_FAMILY = "1,2";
				TEST_TARGET_NAME = StatusBoxesUIKit;
			};
			name = Debug;
		};
		877198D328F54B6400A7D685 /* Release */ = {
			isa = XCBuildConfiguration;
			buildSettings = {
				ALWAYS_EMBED_SWIFT_STANDARD_LIBRARIES = YES;
				CODE_SIGN_STYLE = Automatic;
				CURRENT_PROJECT_VERSION = 1;
				DEVELOPMENT_TEAM = 94HWZ76SXD;
				GENERATE_INFOPLIST_FILE = YES;
				MARKETING_VERSION = 1.0;
				PRODUCT_BUNDLE_IDENTIFIER = com.ismaelsabri.StatusBoxesUIKitUITests;
				PRODUCT_NAME = "$(TARGET_NAME)";
				SWIFT_EMIT_LOC_STRINGS = NO;
				SWIFT_VERSION = 5.0;
				TARGETED_DEVICE_FAMILY = "1,2";
				TEST_TARGET_NAME = StatusBoxesUIKit;
			};
			name = Release;
		};
/* End XCBuildConfiguration section */

/* Begin XCConfigurationList section */
		8771989C28F54B6200A7D685 /* Build configuration list for PBXProject "StatusBoxesUIKit" */ = {
			isa = XCConfigurationList;
			buildConfigurations = (
				877198C928F54B6400A7D685 /* Debug */,
				877198CA28F54B6400A7D685 /* Release */,
			);
			defaultConfigurationIsVisible = 0;
			defaultConfigurationName = Release;
		};
		877198CB28F54B6400A7D685 /* Build configuration list for PBXNativeTarget "StatusBoxesUIKit" */ = {
			isa = XCConfigurationList;
			buildConfigurations = (
				877198CC28F54B6400A7D685 /* Debug */,
				877198CD28F54B6400A7D685 /* Release */,
			);
			defaultConfigurationIsVisible = 0;
			defaultConfigurationName = Release;
		};
		877198CE28F54B6400A7D685 /* Build configuration list for PBXNativeTarget "StatusBoxesUIKitTests" */ = {
			isa = XCConfigurationList;
			buildConfigurations = (
				877198CF28F54B6400A7D685 /* Debug */,
				877198D028F54B6400A7D685 /* Release */,
			);
			defaultConfigurationIsVisible = 0;
			defaultConfigurationName = Release;
		};
		877198D128F54B6400A7D685 /* Build configuration list for PBXNativeTarget "StatusBoxesUIKitUITests" */ = {
			isa = XCConfigurationList;
			buildConfigurations = (
				877198D228F54B6400A7D685 /* Debug */,
				877198D328F54B6400A7D685 /* Release */,
			);
			defaultConfigurationIsVisible = 0;
			defaultConfigurationName = Release;
		};
/* End XCConfigurationList section */
	};
	rootObject = 8771989928F54B6200A7D685 /* Project object */;
}
